
Microsoft Visual Studio Solution File, Format Version 12.00
# Visual Studio Version 17
VisualStudioVersion = 17.6.33801.468
MinimumVisualStudioVersion = 10.0.40219.1
Project("{9A19103F-16F7-4668-BE54-9A1E7A4F7556}") = "Online.Sdelka.Telegram.Bot", "Online.Sdelka.Telegram.Bot\Online.Sdelka.Telegram.Bot.csproj", "{CD873FF7-5E73-421C-83FF-497199E4113D}"
EndProject
Project("{9A19103F-16F7-4668-BE54-9A1E7A4F7556}") = "testbot", "testbot\testbot.csproj", "{A473011F-DCF0-4E24-9A77-BAE58CEE853E}"
EndProject
Global
	GlobalSection(SolutionConfigurationPlatforms) = preSolution
		Debug|Any CPU = Debug|Any CPU
		Release|Any CPU = Release|Any CPU
	EndGlobalSection
	GlobalSection(ProjectConfigurationPlatforms) = postSolution
		{CD873FF7-5E73-421C-83FF-497199E4113D}.Debug|Any CPU.ActiveCfg = Debug|Any CPU
		{CD873FF7-5E73-421C-83FF-497199E4113D}.Debug|Any CPU.Build.0 = Debug|Any CPU
		{CD873FF7-5E73-421C-83FF-497199E4113D}.Release|Any CPU.ActiveCfg = Release|Any CPU
		{CD873FF7-5E73-421C-83FF-497199E4113D}.Release|Any CPU.Build.0 = Release|Any CPU
		{A473011F-DCF0-4E24-9A77-BAE58CEE853E}.Debug|Any CPU.ActiveCfg = Debug|Any CPU
		{A473011F-DCF0-4E24-9A77-BAE58CEE853E}.Debug|Any CPU.Build.0 = Debug|Any CPU
		{A473011F-DCF0-4E24-9A77-BAE58CEE853E}.Release|Any CPU.ActiveCfg = Release|Any CPU
		{A473011F-DCF0-4E24-9A77-BAE58CEE853E}.Release|Any CPU.Build.0 = Release|Any CPU
	EndGlobalSection
	GlobalSection(SolutionProperties) = preSolution
		HideSolutionNode = FALSE
	EndGlobalSection
	GlobalSection(ExtensibilityGlobals) = postSolution
		SolutionGuid = {4F6D0628-11AF-4D92-8BF0-3CA7D774D6FB}
	EndGlobalSection
EndGlobal
